
Microsoft Visual Studio Solution File, Format Version 12.00
# Visual Studio 15
Project("{FAE04EC0-301F-11D3-BF4B-00C04F79EFBC}") = "Assembly-CSharp", "Assembly-CSharp.csproj", "{9EB291EC-83B5-F8F6-F49A-31F8CE460F50}"
EndProject
Global
	GlobalSection(SolutionConfigurationPlatforms) = preSolution
		Debug|Any CPU = Debug|Any CPU
		Release|Any CPU = Release|Any CPU
	EndGlobalSection
	GlobalSection(ProjectConfigurationPlatforms) = postSolution
		{9EB291EC-83B5-F8F6-F49A-31F8CE460F50}.Debug|Any CPU.ActiveCfg = Debug|Any CPU
		{9EB291EC-83B5-F8F6-F49A-31F8CE460F50}.Debug|Any CPU.Build.0 = Debug|Any CPU
		{9EB291EC-83B5-F8F6-F49A-31F8CE460F50}.Release|Any CPU.ActiveCfg = Release|Any CPU
		{9EB291EC-83B5-F8F6-F49A-31F8CE460F50}.Release|Any CPU.Build.0 = Release|Any CPU
	EndGlobalSection
	GlobalSection(SolutionProperties) = preSolution
		HideSolutionNode = FALSE
	EndGlobalSection
EndGlobal
